
Microsoft Visual Studio Solution File, Format Version 12.00
# Visual Studio Version 17
VisualStudioVersion = 17.10.35122.118
MinimumVisualStudioVersion = 10.0.40219.1
Project("{FAE04EC0-301F-11D3-BF4B-00C04F79EFBC}") = "HuellasDeEsperanzaC#", "HuellasDeEsperanzaC#\HuellasDeEsperanzaC#.csproj", "{46EE7BF8-2AF7-4C4D-B49F-F5AC286BE65D}"
EndProject
Global
	GlobalSection(SolutionConfigurationPlatforms) = preSolution
		Debug|Any CPU = Debug|Any CPU
		Release|Any CPU = Release|Any CPU
	EndGlobalSection
	GlobalSection(ProjectConfigurationPlatforms) = postSolution
		{46EE7BF8-2AF7-4C4D-B49F-F5AC286BE65D}.Debug|Any CPU.ActiveCfg = Debug|Any CPU
		{46EE7BF8-2AF7-4C4D-B49F-F5AC286BE65D}.Debug|Any CPU.Build.0 = Debug|Any CPU
		{46EE7BF8-2AF7-4C4D-B49F-F5AC286BE65D}.Release|Any CPU.ActiveCfg = Release|Any CPU
		{46EE7BF8-2AF7-4C4D-B49F-F5AC286BE65D}.Release|Any CPU.Build.0 = Release|Any CPU
	EndGlobalSection
	GlobalSection(SolutionProperties) = preSolution
		HideSolutionNode = FALSE
	EndGlobalSection
	GlobalSection(ExtensibilityGlobals) = postSolution
		SolutionGuid = {E2104AAD-EAE0-4B17-A2BC-6ECF1062B657}
	EndGlobalSection
EndGlobal
